<Solution>
  <Project Path="src/FixIT.Domain/FixIT.Domain.csproj" Id="f30a4fb6-6702-4d90-ad46-ec15f52fd6d3" />
  <Project Path="src/FixIT.Presentation/FixIT.Presentation.csproj" Id="d9ac5235-e4f1-42e2-b84f-0825508ad989" />
  <Project Path="src/FixtIT.Application/FixtIT.Application.csproj" Id="0fc3e96f-42b9-4077-8233-2b56d2597457" />
  <Project Path="src/FixtIT.Infrastracture/FixtIT.Infrastracture.csproj" Id="0ef579d6-e566-4645-8156-432d6af980a7" />
</Solution>
